<?xml version="1.0" encoding="utf-8"?>
<Project ToolsVersion="4.0" xmlns="http://schemas.microsoft.com/developer/msbuild/2003">
  <ItemGroup>
    <Filter Include="Source Files">
      <UniqueIdentifier>{4FC737F1-C7A5-4376-A066-2A32D752A2FF}</UniqueIdentifier>
      <Extensions>cpp;c;cc;cxx;c++;cppm;ixx;def;odl;idl;hpj;bat;asm;asmx</Extensions>
    </Filter>
    <Filter Include="Header Files">
      <UniqueIdentifier>{93995380-89BD-4b04-88EB-625FBE52EBFB}</UniqueIdentifier>
      <Extensions>h;hh;hpp;hxx;h++;hm;inl;inc;ipp;xsd</Extensions>
    </Filter>
    <Filter Include="Resource Files">
      <UniqueIdentifier>{67DA6AB6-F800-4c08-8B7A-83BB121AAD01}</UniqueIdentifier>
      <Extensions>rc;ico;cur;bmp;dlg;rc2;rct;bin;rgs;gif;jpg;jpeg;jpe;resx;tiff;tif;png;wav;mfcribbon-ms</Extensions>
    </Filter>
    <Filter Include="mem">
      <UniqueIdentifier>{4a534f89-b192-4f4c-9acf-daf3d0308a65}</UniqueIdentifier>
    </Filter>
    <Filter Include="proc">
      <UniqueIdentifier>{0bec1d28-66ec-4f0d-a7fa-37bfe56d7ea4}</UniqueIdentifier>
    </Filter>
    <Filter Include="pch">
      <UniqueIdentifier>{f2d8b16d-efae-439f-be94-fc13022252c9}</UniqueIdentifier>
    </Filter>
    <Filter Include="etc">
      <UniqueIdentifier>{fcf986ac-353d-4288-8136-2d8dfa2d2842}</UniqueIdentifier>
    </Filter>
    <Filter Include="Commands">
      <UniqueIdentifier>{809b327e-11c7-4997-ab80-cc779958c1ca}</UniqueIdentifier>
    </Filter>
    <Filter Include="Forms">
      <UniqueIdentifier>{59e36e0e-9fe8-4344-a158-d6067e369c04}</UniqueIdentifier>
    </Filter>
    <Filter Include="LogSystem">
      <UniqueIdentifier>{68bb5b47-0043-4079-afe5-39ca80f41d75}</UniqueIdentifier>
    </Filter>
  </ItemGroup>
  <ItemGroup>
    <ClInclude Include="mem.h">
      <Filter>mem</Filter>
    </ClInclude>
    <ClInclude Include="proc.h">
      <Filter>proc</Filter>
    </ClInclude>
    <ClInclude Include="framework.h">
      <Filter>pch</Filter>
    </ClInclude>
    <ClInclude Include="pch.h">
      <Filter>pch</Filter>
    </ClInclude>
    <ClInclude Include="ConsoleShortcuts.h">
      <Filter>etc</Filter>
    </ClInclude>
    <ClInclude Include="Graphical.h">
      <Filter>etc</Filter>
    </ClInclude>
    <ClInclude Include="CoordChange.h">
      <Filter>Commands</Filter>
    </ClInclude>
    <ClInclude Include="resource.h">
      <Filter>Header Files</Filter>
    </ClInclude>
    <ClInclude Include="TeleportLocation.h">
      <Filter>Forms</Filter>
    </ClInclude>
    <ClInclude Include="CustomLog.h">
      <Filter>LogSystem</Filter>
    </ClInclude>
    <ClInclude Include="LogFrameWork.h">
      <Filter>LogSystem</Filter>
    </ClInclude>
    <ClInclude Include="Corsshair.h">
      <Filter>Commands</Filter>
    </ClInclude>
    <ClInclude Include="GameControl.h">
      <Filter>Forms</Filter>
    </ClInclude>
  </ItemGroup>
  <ItemGroup>
    <ClCompile Include="dllmain.cpp">
      <Filter>Source Files</Filter>
    </ClCompile>
    <ClCompile Include="mem.cpp">
      <Filter>mem</Filter>
    </ClCompile>
    <ClCompile Include="proc.cpp">
      <Filter>proc</Filter>
    </ClCompile>
    <ClCompile Include="pch.cpp">
      <Filter>pch</Filter>
    </ClCompile>
    <ClCompile Include="ConsoleShortcuts.cpp">
      <Filter>etc</Filter>
    </ClCompile>
    <ClCompile Include="Graphical.cpp">
      <Filter>etc</Filter>
    </ClCompile>
    <ClCompile Include="CoordChange.cpp">
      <Filter>Commands</Filter>
    </ClCompile>
    <ClCompile Include="TeleportLocation.cpp">
      <Filter>Forms</Filter>
    </ClCompile>
    <ClCompile Include="CustomLog.cpp">
      <Filter>Source Files</Filter>
    </ClCompile>
    <ClCompile Include="LogFrameWork.cpp">
      <Filter>LogSystem</Filter>
    </ClCompile>
    <ClCompile Include="Crosshair.cpp">
      <Filter>Commands</Filter>
    </ClCompile>
    <ClCompile Include="GameControl.cpp">
      <Filter>Forms</Filter>
    </ClCompile>
  </ItemGroup>
  <ItemGroup>
    <ResourceCompile Include="First Internal Trainer.rc">
      <Filter>Resource Files</Filter>
    </ResourceCompile>
  </ItemGroup>
  <ItemGroup>
    <Text Include="Offsets.txt">
      <Filter>etc</Filter>
    </Text>
  </ItemGroup>
</Project>